
Microsoft Visual Studio Solution File, Format Version 12.00
# Visual Studio Version 16
VisualStudioVersion = 16.0.30503.244
MinimumVisualStudioVersion = 10.0.40219.1
Project("{FAE04EC0-301F-11D3-BF4B-00C04F79EFBC}") = "GPSearch", "GPSearch\GPSearch.csproj", "{68CB3FF9-0295-4143-9A53-FF39A327685A}"
EndProject
Project("{FAE04EC0-301F-11D3-BF4B-00C04F79EFBC}") = "GPSCore", "GPSCore\GPSCore.csproj", "{D720BAF6-62BE-4047-9FD2-D1E43277A47D}"
EndProject
Project("{FAE04EC0-301F-11D3-BF4B-00C04F79EFBC}") = "GpsCommon", "GpsCommom\GpsCommon.csproj", "{A06ED56F-D62A-498C-AB53-401A73C0C6B0}"
EndProject
Global
	GlobalSection(SolutionConfigurationPlatforms) = preSolution
		Debug|Any CPU = Debug|Any CPU
		Release|Any CPU = Release|Any CPU
	EndGlobalSection
	GlobalSection(ProjectConfigurationPlatforms) = postSolution
		{68CB3FF9-0295-4143-9A53-FF39A327685A}.Debug|Any CPU.ActiveCfg = Debug|Any CPU
		{68CB3FF9-0295-4143-9A53-FF39A327685A}.Debug|Any CPU.Build.0 = Debug|Any CPU
		{68CB3FF9-0295-4143-9A53-FF39A327685A}.Release|Any CPU.ActiveCfg = Release|Any CPU
		{68CB3FF9-0295-4143-9A53-FF39A327685A}.Release|Any CPU.Build.0 = Release|Any CPU
		{D720BAF6-62BE-4047-9FD2-D1E43277A47D}.Debug|Any CPU.ActiveCfg = Debug|Any CPU
		{D720BAF6-62BE-4047-9FD2-D1E43277A47D}.Debug|Any CPU.Build.0 = Debug|Any CPU
		{D720BAF6-62BE-4047-9FD2-D1E43277A47D}.Release|Any CPU.ActiveCfg = Release|Any CPU
		{D720BAF6-62BE-4047-9FD2-D1E43277A47D}.Release|Any CPU.Build.0 = Release|Any CPU
		{A06ED56F-D62A-498C-AB53-401A73C0C6B0}.Debug|Any CPU.ActiveCfg = Debug|Any CPU
		{A06ED56F-D62A-498C-AB53-401A73C0C6B0}.Debug|Any CPU.Build.0 = Debug|Any CPU
		{A06ED56F-D62A-498C-AB53-401A73C0C6B0}.Release|Any CPU.ActiveCfg = Release|Any CPU
		{A06ED56F-D62A-498C-AB53-401A73C0C6B0}.Release|Any CPU.Build.0 = Release|Any CPU
	EndGlobalSection
	GlobalSection(SolutionProperties) = preSolution
		HideSolutionNode = FALSE
	EndGlobalSection
	GlobalSection(ExtensibilityGlobals) = postSolution
		SolutionGuid = {AFF4BD18-67D9-48E2-80FA-D9C6BD7F035C}
	EndGlobalSection
EndGlobal
